
Microsoft Visual Studio Solution File, Format Version 12.00
# Visual Studio Version 17
VisualStudioVersion = 17.11.35219.272
MinimumVisualStudioVersion = 10.0.40219.1
Project("{9A19103F-16F7-4668-BE54-9A1E7A4F7556}") = "OpenTK.GLControl.TestForm", "OpenTK.GLControl.TestForm\OpenTK.GLControl.TestForm.csproj", "{95E422AB-9DC7-4E2A-B13F-A26A52EF1BBA}"
EndProject
Project("{9A19103F-16F7-4668-BE54-9A1E7A4F7556}") = "OpenTK.GLControl", "OpenTK.GLControl\OpenTK.GLControl.csproj", "{7CB8414E-9A16-4171-B3CA-ED3E3D82C3A4}"
EndProject
Project("{9A19103F-16F7-4668-BE54-9A1E7A4F7556}") = "OpenTK.GLControl.MultiControlTest", "OpenTK.GLControl.MultiControlTest\OpenTK.GLControl.MultiControlTest.csproj", "{0B625ED5-86A7-4C38-AB6B-1833F2FA8C5A}"
EndProject
Project("{9A19103F-16F7-4668-BE54-9A1E7A4F7556}") = "OpenTK.GLControl.InputTest", "OpenTK.GLControl.InputTest\OpenTK.GLControl.InputTest.csproj", "{65839490-2DE7-4823-AC53-C210A805A982}"
EndProject
Project("{9A19103F-16F7-4668-BE54-9A1E7A4F7556}") = "_build", "build\_build.csproj", "{7F8678E7-2F0E-44B1-903D-80FBA892D6A0}"
EndProject
Global
	GlobalSection(SolutionConfigurationPlatforms) = preSolution
		Debug|Any CPU = Debug|Any CPU
		Release|Any CPU = Release|Any CPU
	EndGlobalSection
	GlobalSection(ProjectConfigurationPlatforms) = postSolution
		{95E422AB-9DC7-4E2A-B13F-A26A52EF1BBA}.Debug|Any CPU.ActiveCfg = Debug|Any CPU
		{95E422AB-9DC7-4E2A-B13F-A26A52EF1BBA}.Debug|Any CPU.Build.0 = Debug|Any CPU
		{95E422AB-9DC7-4E2A-B13F-A26A52EF1BBA}.Release|Any CPU.ActiveCfg = Release|Any CPU
		{95E422AB-9DC7-4E2A-B13F-A26A52EF1BBA}.Release|Any CPU.Build.0 = Release|Any CPU
		{7CB8414E-9A16-4171-B3CA-ED3E3D82C3A4}.Debug|Any CPU.ActiveCfg = Debug|Any CPU
		{7CB8414E-9A16-4171-B3CA-ED3E3D82C3A4}.Debug|Any CPU.Build.0 = Debug|Any CPU
		{7CB8414E-9A16-4171-B3CA-ED3E3D82C3A4}.Release|Any CPU.ActiveCfg = Release|Any CPU
		{7CB8414E-9A16-4171-B3CA-ED3E3D82C3A4}.Release|Any CPU.Build.0 = Release|Any CPU
		{0B625ED5-86A7-4C38-AB6B-1833F2FA8C5A}.Debug|Any CPU.ActiveCfg = Debug|Any CPU
		{0B625ED5-86A7-4C38-AB6B-1833F2FA8C5A}.Debug|Any CPU.Build.0 = Debug|Any CPU
		{0B625ED5-86A7-4C38-AB6B-1833F2FA8C5A}.Release|Any CPU.ActiveCfg = Release|Any CPU
		{0B625ED5-86A7-4C38-AB6B-1833F2FA8C5A}.Release|Any CPU.Build.0 = Release|Any CPU
		{65839490-2DE7-4823-AC53-C210A805A982}.Debug|Any CPU.ActiveCfg = Debug|Any CPU
		{65839490-2DE7-4823-AC53-C210A805A982}.Debug|Any CPU.Build.0 = Debug|Any CPU
		{65839490-2DE7-4823-AC53-C210A805A982}.Release|Any CPU.ActiveCfg = Release|Any CPU
		{65839490-2DE7-4823-AC53-C210A805A982}.Release|Any CPU.Build.0 = Release|Any CPU
		{7F8678E7-2F0E-44B1-903D-80FBA892D6A0}.Debug|Any CPU.ActiveCfg = Debug|Any CPU
		{7F8678E7-2F0E-44B1-903D-80FBA892D6A0}.Release|Any CPU.ActiveCfg = Release|Any CPU
	EndGlobalSection
	GlobalSection(SolutionProperties) = preSolution
		HideSolutionNode = FALSE
	EndGlobalSection
	GlobalSection(ExtensibilityGlobals) = postSolution
		SolutionGuid = {EB413925-4352-4A67-B073-BA550A8CA770}
	EndGlobalSection
EndGlobal
